
Microsoft Visual Studio Solution File, Format Version 12.00
# Visual Studio Version 17
VisualStudioVersion = 17.5.33530.505
MinimumVisualStudioVersion = 10.0.40219.1
Project("{9A19103F-16F7-4668-BE54-9A1E7A4F7556}") = "AetherRadio.Numerics", "AetherRadio.Numerics\AetherRadio.Numerics.csproj", "{51313F71-9136-452A-9BDD-25F77EEFBF51}"
EndProject
Project("{FAE04EC0-301F-11D3-BF4B-00C04F79EFBC}") = "AetherRadio.Numerics.Tests", "AetherRadio.Numerics.Tests\AetherRadio.Numerics.Tests.csproj", "{7DDE7A78-AA46-424D-8F1C-429082BAF4E1}"
EndProject
Project("{FAE04EC0-301F-11D3-BF4B-00C04F79EFBC}") = "AetherRadio.Fft", "AetherRadio.Fft\AetherRadio.Fft.csproj", "{A28135FB-09A5-4310-AC31-897250768A09}"
EndProject
Project("{FAE04EC0-301F-11D3-BF4B-00C04F79EFBC}") = "AetherRadio.Fft.Tests", "AetherRadio.Fft.Tests\AetherRadio.Fft.Tests.csproj", "{85D4A794-FEF0-46EA-B593-D78D865E1851}"
EndProject
Global
	GlobalSection(SolutionConfigurationPlatforms) = preSolution
		Debug|Any CPU = Debug|Any CPU
		Release|Any CPU = Release|Any CPU
	EndGlobalSection
	GlobalSection(ProjectConfigurationPlatforms) = postSolution
		{51313F71-9136-452A-9BDD-25F77EEFBF51}.Debug|Any CPU.ActiveCfg = Debug|Any CPU
		{51313F71-9136-452A-9BDD-25F77EEFBF51}.Debug|Any CPU.Build.0 = Debug|Any CPU
		{51313F71-9136-452A-9BDD-25F77EEFBF51}.Release|Any CPU.ActiveCfg = Release|Any CPU
		{51313F71-9136-452A-9BDD-25F77EEFBF51}.Release|Any CPU.Build.0 = Release|Any CPU
		{7DDE7A78-AA46-424D-8F1C-429082BAF4E1}.Debug|Any CPU.ActiveCfg = Debug|Any CPU
		{7DDE7A78-AA46-424D-8F1C-429082BAF4E1}.Debug|Any CPU.Build.0 = Debug|Any CPU
		{7DDE7A78-AA46-424D-8F1C-429082BAF4E1}.Release|Any CPU.ActiveCfg = Release|Any CPU
		{7DDE7A78-AA46-424D-8F1C-429082BAF4E1}.Release|Any CPU.Build.0 = Release|Any CPU
		{A28135FB-09A5-4310-AC31-897250768A09}.Debug|Any CPU.ActiveCfg = Debug|Any CPU
		{A28135FB-09A5-4310-AC31-897250768A09}.Debug|Any CPU.Build.0 = Debug|Any CPU
		{A28135FB-09A5-4310-AC31-897250768A09}.Release|Any CPU.ActiveCfg = Release|Any CPU
		{A28135FB-09A5-4310-AC31-897250768A09}.Release|Any CPU.Build.0 = Release|Any CPU
		{85D4A794-FEF0-46EA-B593-D78D865E1851}.Debug|Any CPU.ActiveCfg = Debug|Any CPU
		{85D4A794-FEF0-46EA-B593-D78D865E1851}.Debug|Any CPU.Build.0 = Debug|Any CPU
		{85D4A794-FEF0-46EA-B593-D78D865E1851}.Release|Any CPU.ActiveCfg = Release|Any CPU
		{85D4A794-FEF0-46EA-B593-D78D865E1851}.Release|Any CPU.Build.0 = Release|Any CPU
	EndGlobalSection
	GlobalSection(SolutionProperties) = preSolution
		HideSolutionNode = FALSE
	EndGlobalSection
	GlobalSection(ExtensibilityGlobals) = postSolution
		SolutionGuid = {718A7AFC-1D50-49A2-B5DC-F78BEBF290CF}
	EndGlobalSection
EndGlobal
